
Microsoft Visual Studio Solution File, Format Version 12.00
# Visual Studio Version 17
VisualStudioVersion = 17.9.34728.123
MinimumVisualStudioVersion = 10.0.40219.1
Project("{2150E333-8FDC-42A3-9474-1A3956D46DE8}") = "Services", "Services", "{C7C3B166-1297-470C-A15C-C0C945DE36DF}"
EndProject
Project("{2150E333-8FDC-42A3-9474-1A3956D46DE8}") = "Catalog", "Catalog", "{5D3B76FD-EC47-4CC9-B7F6-EE4A01EFFC56}"
EndProject
Project("{FAE04EC0-301F-11D3-BF4B-00C04F79EFBC}") = "Catalog.API", "Services\Catalog\Catalog.API\Catalog.API.csproj", "{280DA164-B34D-41F6-A578-A83B5774418E}"
EndProject
Global
	GlobalSection(SolutionConfigurationPlatforms) = preSolution
		Debug|Any CPU = Debug|Any CPU
		Release|Any CPU = Release|Any CPU
	EndGlobalSection
	GlobalSection(ProjectConfigurationPlatforms) = postSolution
		{280DA164-B34D-41F6-A578-A83B5774418E}.Debug|Any CPU.ActiveCfg = Debug|Any CPU
		{280DA164-B34D-41F6-A578-A83B5774418E}.Debug|Any CPU.Build.0 = Debug|Any CPU
		{280DA164-B34D-41F6-A578-A83B5774418E}.Release|Any CPU.ActiveCfg = Release|Any CPU
		{280DA164-B34D-41F6-A578-A83B5774418E}.Release|Any CPU.Build.0 = Release|Any CPU
	EndGlobalSection
	GlobalSection(SolutionProperties) = preSolution
		HideSolutionNode = FALSE
	EndGlobalSection
	GlobalSection(NestedProjects) = preSolution
		{5D3B76FD-EC47-4CC9-B7F6-EE4A01EFFC56} = {C7C3B166-1297-470C-A15C-C0C945DE36DF}
		{280DA164-B34D-41F6-A578-A83B5774418E} = {5D3B76FD-EC47-4CC9-B7F6-EE4A01EFFC56}
	EndGlobalSection
	GlobalSection(ExtensibilityGlobals) = postSolution
		SolutionGuid = {E4931067-5BC4-4C02-AF53-D1ADD5BF911F}
	EndGlobalSection
EndGlobal
